// !$*UTF8*$!
{
	archiveVersion = 1;
	classes = {
	};
	objectVersion = 56;
	objects = {

/* Begin PBXBuildFile section */
		FD89FAAE2962867D00FE4F95 /* ContactsCoreData.swift in Sources */ = {isa = PBXBuildFile; fileRef = FD89FAAD2962867D00FE4F95 /* ContactsCoreData.swift */; };
		FD89FAB02962867D00FE4F95 /* ContentView.swift in Sources */ = {isa = PBXBuildFile; fileRef = FD89FAAF2962867D00FE4F95 /* ContentView.swift */; };
		FD89FAB22962867E00FE4F95 /* Assets.xcassets in Resources */ = {isa = PBXBuildFile; fileRef = FD89FAB12962867E00FE4F95 /* Assets.xcassets */; };
		FD89FAB52962867E00FE4F95 /* Preview Assets.xcassets in Resources */ = {isa = PBXBuildFile; fileRef = FD89FAB42962867E00FE4F95 /* Preview Assets.xcassets */; };
		FD89FABD296288E700FE4F95 /* ContactsDataModel.xcdatamodeld in Sources */ = {isa = PBXBuildFile; fileRef = FD89FABB296288E700FE4F95 /* ContactsDataModel.xcdatamodeld */; };
		FD89FABF29628D8100FE4F95 /* Contact.swift in Sources */ = {isa = PBXBuildFile; fileRef = FD89FABE29628D8100FE4F95 /* Contact.swift */; };
		FD89FAC329628EFF00FE4F95 /* ContactsProvider.swift in Sources */ = {isa = PBXBuildFile; fileRef = FD89FAC229628EFF00FE4F95 /* ContactsProvider.swift */; };
		FD89FAC52962963A00FE4F95 /* ContactRowView.swift in Sources */ = {isa = PBXBuildFile; fileRef = FD89FAC42962963A00FE4F95 /* ContactRowView.swift */; };
		FD89FAC72962967B00FE4F95 /* ContactDetailView.swift in Sources */ = {isa = PBXBuildFile; fileRef = FD89FAC62962967B00FE4F95 /* ContactDetailView.swift */; };
		FD89FAC92962981C00FE4F95 /* CreateContactView.swift in Sources */ = {isa = PBXBuildFile; fileRef = FD89FAC82962981C00FE4F95 /* CreateContactView.swift */; };
/* End PBXBuildFile section */

/* Begin PBXFileReference section */
		FD89FAAA2962867D00FE4F95 /* contacts-core-data.app */ = {isa = PBXFileReference; explicitFileType = wrapper.application; includeInIndex = 0; path = "contacts-core-data.app"; sourceTree = BUILT_PRODUCTS_DIR; };
		FD89FAAD2962867D00FE4F95 /* ContactsCoreData.swift */ = {isa = PBXFileReference; lastKnownFileType = sourcecode.swift; path = ContactsCoreData.swift; sourceTree = "<group>"; };
		FD89FAAF2962867D00FE4F95 /* ContentView.swift */ = {isa = PBXFileReference; lastKnownFileType = sourcecode.swift; path = ContentView.swift; sourceTree = "<group>"; };
		FD89FAB12962867E00FE4F95 /* Assets.xcassets */ = {isa = PBXFileReference; lastKnownFileType = folder.assetcatalog; path = Assets.xcassets; sourceTree = "<group>"; };
		FD89FAB42962867E00FE4F95 /* Preview Assets.xcassets */ = {isa = PBXFileReference; lastKnownFileType = folder.assetcatalog; path = "Preview Assets.xcassets"; sourceTree = "<group>"; };
		FD89FABC296288E700FE4F95 /* ContactsDataModel.xcdatamodel */ = {isa = PBXFileReference; lastKnownFileType = wrapper.xcdatamodel; path = ContactsDataModel.xcdatamodel; sourceTree = "<group>"; };
		FD89FABE29628D8100FE4F95 /* Contact.swift */ = {isa = PBXFileReference; lastKnownFileType = sourcecode.swift; path = Contact.swift; sourceTree = "<group>"; };
		FD89FAC229628EFF00FE4F95 /* ContactsProvider.swift */ = {isa = PBXFileReference; lastKnownFileType = sourcecode.swift; path = ContactsProvider.swift; sourceTree = "<group>"; };
		FD89FAC42962963A00FE4F95 /* ContactRowView.swift */ = {isa = PBXFileReference; lastKnownFileType = sourcecode.swift; path = ContactRowView.swift; sourceTree = "<group>"; };
		FD89FAC62962967B00FE4F95 /* ContactDetailView.swift */ = {isa = PBXFileReference; lastKnownFileType = sourcecode.swift; path = ContactDetailView.swift; sourceTree = "<group>"; };
		FD89FAC82962981C00FE4F95 /* CreateContactView.swift */ = {isa = PBXFileReference; lastKnownFileType = sourcecode.swift; path = CreateContactView.swift; sourceTree = "<group>"; };
/* End PBXFileReference section */

/* Begin PBXFrameworksBuildPhase section */
		FD89FAA72962867D00FE4F95 /* Frameworks */ = {
			isa = PBXFrameworksBuildPhase;
			buildActionMask = 2147483647;
			files = (
			);
			runOnlyForDeploymentPostprocessing = 0;
		};
/* End PBXFrameworksBuildPhase section */

/* Begin PBXGroup section */
		FD89FAA12962867D00FE4F95 = {
			isa = PBXGroup;
			children = (
				FD89FAAC2962867D00FE4F95 /* contacts-core-data */,
				FD89FAAB2962867D00FE4F95 /* Products */,
			);
			sourceTree = "<group>";
		};
		FD89FAAB2962867D00FE4F95 /* Products */ = {
			isa = PBXGroup;
			children = (
				FD89FAAA2962867D00FE4F95 /* contacts-core-data.app */,
			);
			name = Products;
			sourceTree = "<group>";
		};
		FD89FAAC2962867D00FE4F95 /* contacts-core-data */ = {
			isa = PBXGroup;
			children = (
				FD89FAAD2962867D00FE4F95 /* ContactsCoreData.swift */,
				FD89FAC129628ECC00FE4F95 /* Provider */,
				FD89FAC029628D9A00FE4F95 /* Model */,
				FD89FAAF2962867D00FE4F95 /* ContentView.swift */,
				FD89FAC82962981C00FE4F95 /* CreateContactView.swift */,
				FD89FAC42962963A00FE4F95 /* ContactRowView.swift */,
				FD89FAC62962967B00FE4F95 /* ContactDetailView.swift */,
				FD89FAB12962867E00FE4F95 /* Assets.xcassets */,
				FD89FAB32962867E00FE4F95 /* Preview Content */,
			);
			path = "contacts-core-data";
			sourceTree = "<group>";
		};
		FD89FAB32962867E00FE4F95 /* Preview Content */ = {
			isa = PBXGroup;
			children = (
				FD89FAB42962867E00FE4F95 /* Preview Assets.xcassets */,
			);
			path = "Preview Content";
			sourceTree = "<group>";
		};
		FD89FAC029628D9A00FE4F95 /* Model */ = {
			isa = PBXGroup;
			children = (
				FD89FABB296288E700FE4F95 /* ContactsDataModel.xcdatamodeld */,
				FD89FABE29628D8100FE4F95 /* Contact.swift */,
			);
			path = Model;
			sourceTree = "<group>";
		};
		FD89FAC129628ECC00FE4F95 /* Provider */ = {
			isa = PBXGroup;
			children = (
				FD89FAC229628EFF00FE4F95 /* ContactsProvider.swift */,
			);
			path = Provider;
			sourceTree = "<group>";
		};
/* End PBXGroup section */

/* Begin PBXNativeTarget section */
		FD89FAA92962867D00FE4F95 /* contacts-core-data */ = {
			isa = PBXNativeTarget;
			buildConfigurationList = FD89FAB82962867E00FE4F95 /* Build configuration list for PBXNativeTarget "contacts-core-data" */;
			buildPhases = (
				FD89FAA62962867D00FE4F95 /* Sources */,
				FD89FAA72962867D00FE4F95 /* Frameworks */,
				FD89FAA82962867D00FE4F95 /* Resources */,
			);
			buildRules = (
			);
			dependencies = (
			);
			name = "contacts-core-data";
			productName = "contacts-core-data";
			productReference = FD89FAAA2962867D00FE4F95 /* contacts-core-data.app */;
			productType = "com.apple.product-type.application";
		};
/* End PBXNativeTarget section */

/* Begin PBXProject section */
		FD89FAA22962867D00FE4F95 /* Project object */ = {
			isa = PBXProject;
			attributes = {
				BuildIndependentTargetsInParallel = 1;
				LastSwiftUpdateCheck = 1420;
				LastUpgradeCheck = 1420;
				TargetAttributes = {
					FD89FAA92962867D00FE4F95 = {
						CreatedOnToolsVersion = 14.2;
					};
				};
			};
			buildConfigurationList = FD89FAA52962867D00FE4F95 /* Build configuration list for PBXProject "contacts-core-data" */;
			compatibilityVersion = "Xcode 14.0";
			developmentRegion = en;
			hasScannedForEncodings = 0;
			knownRegions = (
				en,
				Base,
			);
			mainGroup = FD89FAA12962867D00FE4F95;
			productRefGroup = FD89FAAB2962867D00FE4F95 /* Products */;
			projectDirPath = "";
			projectRoot = "";
			targets = (
				FD89FAA92962867D00FE4F95 /* contacts-core-data */,
			);
		};
/* End PBXProject section */

/* Begin PBXResourcesBuildPhase section */
		FD89FAA82962867D00FE4F95 /* Resources */ = {
			isa = PBXResourcesBuildPhase;
			buildActionMask = 2147483647;
			files = (
				FD89FAB52962867E00FE4F95 /* Preview Assets.xcassets in Resources */,
				FD89FAB22962867E00FE4F95 /* Assets.xcassets in Resources */,
			);
			runOnlyForDeploymentPostprocessing = 0;
		};
/* End PBXResourcesBuildPhase section */

/* Begin PBXSourcesBuildPhase section */
		FD89FAA62962867D00FE4F95 /* Sources */ = {
			isa = PBXSourcesBuildPhase;
			buildActionMask = 2147483647;
			files = (
				FD89FABF29628D8100FE4F95 /* Contact.swift in Sources */,
				FD89FAC329628EFF00FE4F95 /* ContactsProvider.swift in Sources */,
				FD89FAC72962967B00FE4F95 /* ContactDetailView.swift in Sources */,
				FD89FABD296288E700FE4F95 /* ContactsDataModel.xcdatamodeld in Sources */,
				FD89FAB02962867D00FE4F95 /* ContentView.swift in Sources */,
				FD89FAC92962981C00FE4F95 /* CreateContactView.swift in Sources */,
				FD89FAC52962963A00FE4F95 /* ContactRowView.swift in Sources */,
				FD89FAAE2962867D00FE4F95 /* ContactsCoreData.swift in Sources */,
			);
			runOnlyForDeploymentPostprocessing = 0;
		};
/* End PBXSourcesBuildPhase section */

/* Begin XCBuildConfiguration section */
		FD89FAB62962867E00FE4F95 /* Debug */ = {
			isa = XCBuildConfiguration;
			buildSettings = {
				ALWAYS_SEARCH_USER_PATHS = NO;
				CLANG_ANALYZER_NONNULL = YES;
				CLANG_ANALYZER_NUMBER_OBJECT_CONVERSION = YES_AGGRESSIVE;
				CLANG_CXX_LANGUAGE_STANDARD = "gnu++20";
				CLANG_ENABLE_MODULES = YES;
				CLANG_ENABLE_OBJC_ARC = YES;
				CLANG_ENABLE_OBJC_WEAK = YES;
				CLANG_WARN_BLOCK_CAPTURE_AUTORELEASING = YES;
				CLANG_WARN_BOOL_CONVERSION = YES;
				CLANG_WARN_COMMA = YES;
				CLANG_WARN_CONSTANT_CONVERSION = YES;
				CLANG_WARN_DEPRECATED_OBJC_IMPLEMENTATIONS = YES;
				CLANG_WARN_DIRECT_OBJC_ISA_USAGE = YES_ERROR;
				CLANG_WARN_DOCUMENTATION_COMMENTS = YES;
				CLANG_WARN_EMPTY_BODY = YES;
				CLANG_WARN_ENUM_CONVERSION = YES;
				CLANG_WARN_INFINITE_RECURSION = YES;
				CLANG_WARN_INT_CONVERSION = YES;
				CLANG_WARN_NON_LITERAL_NULL_CONVERSION = YES;
				CLANG_WARN_OBJC_IMPLICIT_RETAIN_SELF = YES;
				CLANG_WARN_OBJC_LITERAL_CONVERSION = YES;
				CLANG_WARN_OBJC_ROOT_CLASS = YES_ERROR;
				CLANG_WARN_QUOTED_INCLUDE_IN_FRAMEWORK_HEADER = YES;
				CLANG_WARN_RANGE_LOOP_ANALYSIS = YES;
				CLANG_WARN_STRICT_PROTOTYPES = YES;
				CLANG_WARN_SUSPICIOUS_MOVE = YES;
				CLANG_WARN_UNGUARDED_AVAILABILITY = YES_AGGRESSIVE;
				CLANG_WARN_UNREACHABLE_CODE = YES;
				CLANG_WARN__DUPLICATE_METHOD_MATCH = YES;
				COPY_PHASE_STRIP = NO;
				DEBUG_INFORMATION_FORMAT = dwarf;
				ENABLE_STRICT_OBJC_MSGSEND = YES;
				ENABLE_TESTABILITY = YES;
				GCC_C_LANGUAGE_STANDARD = gnu11;
				GCC_DYNAMIC_NO_PIC = NO;
				GCC_NO_COMMON_BLOCKS = YES;
				GCC_OPTIMIZATION_LEVEL = 0;
				GCC_PREPROCESSOR_DEFINITIONS = (
					"DEBUG=1",
					"$(inherited)",
				);
				GCC_WARN_64_TO_32_BIT_CONVERSION = YES;
				GCC_WARN_ABOUT_RETURN_TYPE = YES_ERROR;
				GCC_WARN_UNDECLARED_SELECTOR = YES;
				GCC_WARN_UNINITIALIZED_AUTOS = YES_AGGRESSIVE;
				GCC_WARN_UNUSED_FUNCTION = YES;
				GCC_WARN_UNUSED_VARIABLE = YES;
				IPHONEOS_DEPLOYMENT_TARGET = 16.2;
				MTL_ENABLE_DEBUG_INFO = INCLUDE_SOURCE;
				MTL_FAST_MATH = YES;
				ONLY_ACTIVE_ARCH = YES;
				SDKROOT = iphoneos;
				SWIFT_ACTIVE_COMPILATION_CONDITIONS = DEBUG;
				SWIFT_OPTIMIZATION_LEVEL = "-Onone";
			};
			name = Debug;
		};
		FD89FAB72962867E00FE4F95 /* Release */ = {
			isa = XCBuildConfiguration;
			buildSettings = {
				ALWAYS_SEARCH_USER_PATHS = NO;
				CLANG_ANALYZER_NONNULL = YES;
				CLANG_ANALYZER_NUMBER_OBJECT_CONVERSION = YES_AGGRESSIVE;
				CLANG_CXX_LANGUAGE_STANDARD = "gnu++20";
				CLANG_ENABLE_MODULES = YES;
				CLANG_ENABLE_OBJC_ARC = YES;
				CLANG_ENABLE_OBJC_WEAK = YES;
				CLANG_WARN_BLOCK_CAPTURE_AUTORELEASING = YES;
				CLANG_WARN_BOOL_CONVERSION = YES;
				CLANG_WARN_COMMA = YES;
				CLANG_WARN_CONSTANT_CONVERSION = YES;
				CLANG_WARN_DEPRECATED_OBJC_IMPLEMENTATIONS = YES;
				CLANG_WARN_DIRECT_OBJC_ISA_USAGE = YES_ERROR;
				CLANG_WARN_DOCUMENTATION_COMMENTS = YES;
				CLANG_WARN_EMPTY_BODY = YES;
				CLANG_WARN_ENUM_CONVERSION = YES;
				CLANG_WARN_INFINITE_RECURSION = YES;
				CLANG_WARN_INT_CONVERSION = YES;
				CLANG_WARN_NON_LITERAL_NULL_CONVERSION = YES;
				CLANG_WARN_OBJC_IMPLICIT_RETAIN_SELF = YES;
				CLANG_WARN_OBJC_LITERAL_CONVERSION = YES;
				CLANG_WARN_OBJC_ROOT_CLASS = YES_ERROR;
				CLANG_WARN_QUOTED_INCLUDE_IN_FRAMEWORK_HEADER = YES;
				CLANG_WARN_RANGE_LOOP_ANALYSIS = YES;
				CLANG_WARN_STRICT_PROTOTYPES = YES;
				CLANG_WARN_SUSPICIOUS_MOVE = YES;
				CLANG_WARN_UNGUARDED_AVAILABILITY = YES_AGGRESSIVE;
				CLANG_WARN_UNREACHABLE_CODE = YES;
				CLANG_WARN__DUPLICATE_METHOD_MATCH = YES;
				COPY_PHASE_STRIP = NO;
				DEBUG_INFORMATION_FORMAT = "dwarf-with-dsym";
				ENABLE_NS_ASSERTIONS = NO;
				ENABLE_STRICT_OBJC_MSGSEND = YES;
				GCC_C_LANGUAGE_STANDARD = gnu11;
				GCC_NO_COMMON_BLOCKS = YES;
				GCC_WARN_64_TO_32_BIT_CONVERSION = YES;
				GCC_WARN_ABOUT_RETURN_TYPE = YES_ERROR;
				GCC_WARN_UNDECLARED_SELECTOR = YES;
				GCC_WARN_UNINITIALIZED_AUTOS = YES_AGGRESSIVE;
				GCC_WARN_UNUSED_FUNCTION = YES;
				GCC_WARN_UNUSED_VARIABLE = YES;
				IPHONEOS_DEPLOYMENT_TARGET = 16.2;
				MTL_ENABLE_DEBUG_INFO = NO;
				MTL_FAST_MATH = YES;
				SDKROOT = iphoneos;
				SWIFT_COMPILATION_MODE = wholemodule;
				SWIFT_OPTIMIZATION_LEVEL = "-O";
				VALIDATE_PRODUCT = YES;
			};
			name = Release;
		};
		FD89FAB92962867E00FE4F95 /* Debug */ = {
			isa = XCBuildConfiguration;
			buildSettings = {
				ASSETCATALOG_COMPILER_APPICON_NAME = AppIcon;
				ASSETCATALOG_COMPILER_GLOBAL_ACCENT_COLOR_NAME = AccentColor;
				CODE_SIGN_STYLE = Automatic;
				CURRENT_PROJECT_VERSION = 1;
				DEVELOPMENT_ASSET_PATHS = "\"contacts-core-data/Preview Content\"";
				DEVELOPMENT_TEAM = PZ67V2GHY9;
				ENABLE_PREVIEWS = YES;
				GENERATE_INFOPLIST_FILE = YES;
				INFOPLIST_KEY_UIApplicationSceneManifest_Generation = YES;
				INFOPLIST_KEY_UIApplicationSupportsIndirectInputEvents = YES;
				INFOPLIST_KEY_UILaunchScreen_Generation = YES;
				INFOPLIST_KEY_UISupportedInterfaceOrientations_iPad = "UIInterfaceOrientationPortrait UIInterfaceOrientationPortraitUpsideDown UIInterfaceOrientationLandscapeLeft UIInterfaceOrientationLandscapeRight";
				INFOPLIST_KEY_UISupportedInterfaceOrientations_iPhone = "UIInterfaceOrientationPortrait UIInterfaceOrientationLandscapeLeft UIInterfaceOrientationLandscapeRight";
				LD_RUNPATH_SEARCH_PATHS = (
					"$(inherited)",
					"@executable_path/Frameworks",
				);
				MARKETING_VERSION = 1.0;
				PRODUCT_BUNDLE_IDENTIFIER = "io.compilery.contacts-core-data";
				PRODUCT_NAME = "$(TARGET_NAME)";
				SWIFT_EMIT_LOC_STRINGS = YES;
				SWIFT_VERSION = 5.0;
				TARGETED_DEVICE_FAMILY = "1,2";
			};
			name = Debug;
		};
		FD89FABA2962867E00FE4F95 /* Release */ = {
			isa = XCBuildConfiguration;
			buildSettings = {
				ASSETCATALOG_COMPILER_APPICON_NAME = AppIcon;
				ASSETCATALOG_COMPILER_GLOBAL_ACCENT_COLOR_NAME = AccentColor;
				CODE_SIGN_STYLE = Automatic;
				CURRENT_PROJECT_VERSION = 1;
				DEVELOPMENT_ASSET_PATHS = "\"contacts-core-data/Preview Content\"";
				DEVELOPMENT_TEAM = PZ67V2GHY9;
				ENABLE_PREVIEWS = YES;
				GENERATE_INFOPLIST_FILE = YES;
				INFOPLIST_KEY_UIApplicationSceneManifest_Generation = YES;
				INFOPLIST_KEY_UIApplicationSupportsIndirectInputEvents = YES;
				INFOPLIST_KEY_UILaunchScreen_Generation = YES;
				INFOPLIST_KEY_UISupportedInterfaceOrientations_iPad = "UIInterfaceOrientationPortrait UIInterfaceOrientationPortraitUpsideDown UIInterfaceOrientationLandscapeLeft UIInterfaceOrientationLandscapeRight";
				INFOPLIST_KEY_UISupportedInterfaceOrientations_iPhone = "UIInterfaceOrientationPortrait UIInterfaceOrientationLandscapeLeft UIInterfaceOrientationLandscapeRight";
				LD_RUNPATH_SEARCH_PATHS = (
					"$(inherited)",
					"@executable_path/Frameworks",
				);
				MARKETING_VERSION = 1.0;
				PRODUCT_BUNDLE_IDENTIFIER = "io.compilery.contacts-core-data";
				PRODUCT_NAME = "$(TARGET_NAME)";
				SWIFT_EMIT_LOC_STRINGS = YES;
				SWIFT_VERSION = 5.0;
				TARGETED_DEVICE_FAMILY = "1,2";
			};
			name = Release;
		};
/* End XCBuildConfiguration section */

/* Begin XCConfigurationList section */
		FD89FAA52962867D00FE4F95 /* Build configuration list for PBXProject "contacts-core-data" */ = {
			isa = XCConfigurationList;
			buildConfigurations = (
				FD89FAB62962867E00FE4F95 /* Debug */,
				FD89FAB72962867E00FE4F95 /* Release */,
			);
			defaultConfigurationIsVisible = 0;
			defaultConfigurationName = Release;
		};
		FD89FAB82962867E00FE4F95 /* Build configuration list for PBXNativeTarget "contacts-core-data" */ = {
			isa = XCConfigurationList;
			buildConfigurations = (
				FD89FAB92962867E00FE4F95 /* Debug */,
				FD89FABA2962867E00FE4F95 /* Release */,
			);
			defaultConfigurationIsVisible = 0;
			defaultConfigurationName = Release;
		};
/* End XCConfigurationList section */

/* Begin XCVersionGroup section */
		FD89FABB296288E700FE4F95 /* ContactsDataModel.xcdatamodeld */ = {
			isa = XCVersionGroup;
			children = (
				FD89FABC296288E700FE4F95 /* ContactsDataModel.xcdatamodel */,
			);
			currentVersion = FD89FABC296288E700FE4F95 /* ContactsDataModel.xcdatamodel */;
			path = ContactsDataModel.xcdatamodeld;
			sourceTree = "<group>";
			versionGroupType = wrapper.xcdatamodel;
		};
/* End XCVersionGroup section */
	};
	rootObject = FD89FAA22962867D00FE4F95 /* Project object */;
}
